{
  "name": "s3-publish-action",
  "version": "1.0.0",
  "lockfileVersion": 1,
  "requires": true,
  "dependencies": {
    "@actions/core": {
      "version": "1.2.6",
      "resolved": "https://registry.npmjs.org/@actions/core/-/core-1.2.6.tgz",
      "integrity": "sha512-ZQYitnqiyBc3D+k7LsgSBmMDVkOVidaagDG7j3fOym77jNunWRuYx7VSHa9GNfFZh+zh61xsCjRj4JxMZlDqTA=="
    },
    "s3-publish": {
      "version": "2.1.0",
      "resolved": "https://registry.npmjs.org/s3-publish/-/s3-publish-2.1.0.tgz",
      "integrity": "sha512-EsTK888FTOscvDLo+YHesAr4m6iTRoMLYLDtP0GLa8LFIyeFqk31TdpYTD8HDAgOwToCVe7F6Hyl8STyCkIh0A=="
    }
  }
}
